
Microsoft Visual Studio Solution File, Format Version 12.00
Project("{FAE04EC0-301F-11D3-BF4B-00C04F79EFBC}") = "StringEnricher", "src\StringEnricher\StringEnricher.csproj", "{567BAA0C-2B0A-4C4E-A04A-FFA680422B77}"
EndProject
Project("{2150E333-8FDC-42A3-9474-1A3956D46DE8}") = "src", "src", "{93388C7A-C54C-4804-8B12-ADF2715DAD11}"
EndProject
Project("{2150E333-8FDC-42A3-9474-1A3956D46DE8}") = "tests", "tests", "{F4432770-D04F-4DD2-AEB1-5C7308C19D04}"
EndProject
Project("{FAE04EC0-301F-11D3-BF4B-00C04F79EFBC}") = "StringEnricher.Tests", "tests\StringEnricher.Tests\StringEnricher.Tests.csproj", "{3811BAFB-ED2F-440E-AAC3-D0F58D831575}"
EndProject
Project("{2150E333-8FDC-42A3-9474-1A3956D46DE8}") = "SolutionItems", "SolutionItems", "{7A3EBFED-6AE5-4435-88C1-68C3A80BDCFB}"
	ProjectSection(SolutionItems) = preProject
		README.md = README.md
		.github\workflows\ci-cd-core.yml = .github\workflows\ci-cd-core.yml
		.github\workflows\ci-cd-telegram.yml = .github\workflows\ci-cd-telegram.yml
		.github\workflows\TEMPLATE-ci-cd-platform.yml = .github\workflows\TEMPLATE-ci-cd-platform.yml
	EndProjectSection
EndProject
Project("{2150E333-8FDC-42A3-9474-1A3956D46DE8}") = "benchmarks", "benchmarks", "{2E5AD94F-C7E0-4DBB-89B5-204FF3A7D04F}"
EndProject
Project("{FAE04EC0-301F-11D3-BF4B-00C04F79EFBC}") = "StringEnricher.Benchmarks", "benchmarks\StringEnricher.Benchmarks\StringEnricher.Benchmarks.csproj", "{0241A64E-E6D8-4AC2-B0E4-5ED11FEB6341}"
EndProject
Project("{FAE04EC0-301F-11D3-BF4B-00C04F79EFBC}") = "StringEnricher.Telegram", "src\StringEnricher.Telegram\StringEnricher.Telegram.csproj", "{EDF7B2A5-2C4B-4C7B-A2E9-86D294797D2A}"
EndProject
Project("{FAE04EC0-301F-11D3-BF4B-00C04F79EFBC}") = "StringEnricher.Telegram.Tests", "tests\StringEnricher.Telegram.Tests\StringEnricher.Telegram.Tests.csproj", "{F01E2EF6-F83B-4DE8-AF94-88EAC59B1CC5}"
EndProject
Project("{FAE04EC0-301F-11D3-BF4B-00C04F79EFBC}") = "StringEnricher.Discord", "src\StringEnricher.Discord\StringEnricher.Discord.csproj", "{E68CF857-1213-4915-BAC1-DE935E95019C}"
EndProject
Project("{FAE04EC0-301F-11D3-BF4B-00C04F79EFBC}") = "StringEnricher.Discord.Tests", "tests\StringEnricher.Discord.Tests\StringEnricher.Discord.Tests.csproj", "{0ECD1FE5-1DAC-4193-B5B7-83CD565070FD}"
EndProject
Global
	GlobalSection(SolutionConfigurationPlatforms) = preSolution
		Debug|Any CPU = Debug|Any CPU
		Release|Any CPU = Release|Any CPU
	EndGlobalSection
	GlobalSection(ProjectConfigurationPlatforms) = postSolution
		{567BAA0C-2B0A-4C4E-A04A-FFA680422B77}.Debug|Any CPU.ActiveCfg = Debug|Any CPU
		{567BAA0C-2B0A-4C4E-A04A-FFA680422B77}.Debug|Any CPU.Build.0 = Debug|Any CPU
		{567BAA0C-2B0A-4C4E-A04A-FFA680422B77}.Release|Any CPU.ActiveCfg = Release|Any CPU
		{567BAA0C-2B0A-4C4E-A04A-FFA680422B77}.Release|Any CPU.Build.0 = Release|Any CPU
		{3811BAFB-ED2F-440E-AAC3-D0F58D831575}.Debug|Any CPU.ActiveCfg = Debug|Any CPU
		{3811BAFB-ED2F-440E-AAC3-D0F58D831575}.Debug|Any CPU.Build.0 = Debug|Any CPU
		{3811BAFB-ED2F-440E-AAC3-D0F58D831575}.Release|Any CPU.ActiveCfg = Release|Any CPU
		{3811BAFB-ED2F-440E-AAC3-D0F58D831575}.Release|Any CPU.Build.0 = Release|Any CPU
		{0241A64E-E6D8-4AC2-B0E4-5ED11FEB6341}.Debug|Any CPU.ActiveCfg = Debug|Any CPU
		{0241A64E-E6D8-4AC2-B0E4-5ED11FEB6341}.Debug|Any CPU.Build.0 = Debug|Any CPU
		{0241A64E-E6D8-4AC2-B0E4-5ED11FEB6341}.Release|Any CPU.ActiveCfg = Release|Any CPU
		{0241A64E-E6D8-4AC2-B0E4-5ED11FEB6341}.Release|Any CPU.Build.0 = Release|Any CPU
		{EDF7B2A5-2C4B-4C7B-A2E9-86D294797D2A}.Debug|Any CPU.ActiveCfg = Debug|Any CPU
		{EDF7B2A5-2C4B-4C7B-A2E9-86D294797D2A}.Debug|Any CPU.Build.0 = Debug|Any CPU
		{EDF7B2A5-2C4B-4C7B-A2E9-86D294797D2A}.Release|Any CPU.ActiveCfg = Release|Any CPU
		{EDF7B2A5-2C4B-4C7B-A2E9-86D294797D2A}.Release|Any CPU.Build.0 = Release|Any CPU
		{F01E2EF6-F83B-4DE8-AF94-88EAC59B1CC5}.Debug|Any CPU.ActiveCfg = Debug|Any CPU
		{F01E2EF6-F83B-4DE8-AF94-88EAC59B1CC5}.Debug|Any CPU.Build.0 = Debug|Any CPU
		{F01E2EF6-F83B-4DE8-AF94-88EAC59B1CC5}.Release|Any CPU.ActiveCfg = Release|Any CPU
		{F01E2EF6-F83B-4DE8-AF94-88EAC59B1CC5}.Release|Any CPU.Build.0 = Release|Any CPU
		{E68CF857-1213-4915-BAC1-DE935E95019C}.Debug|Any CPU.ActiveCfg = Debug|Any CPU
		{E68CF857-1213-4915-BAC1-DE935E95019C}.Debug|Any CPU.Build.0 = Debug|Any CPU
		{E68CF857-1213-4915-BAC1-DE935E95019C}.Release|Any CPU.ActiveCfg = Release|Any CPU
		{E68CF857-1213-4915-BAC1-DE935E95019C}.Release|Any CPU.Build.0 = Release|Any CPU
		{0ECD1FE5-1DAC-4193-B5B7-83CD565070FD}.Debug|Any CPU.ActiveCfg = Debug|Any CPU
		{0ECD1FE5-1DAC-4193-B5B7-83CD565070FD}.Debug|Any CPU.Build.0 = Debug|Any CPU
		{0ECD1FE5-1DAC-4193-B5B7-83CD565070FD}.Release|Any CPU.ActiveCfg = Release|Any CPU
		{0ECD1FE5-1DAC-4193-B5B7-83CD565070FD}.Release|Any CPU.Build.0 = Release|Any CPU
	EndGlobalSection
	GlobalSection(NestedProjects) = preSolution
		{567BAA0C-2B0A-4C4E-A04A-FFA680422B77} = {93388C7A-C54C-4804-8B12-ADF2715DAD11}
		{3811BAFB-ED2F-440E-AAC3-D0F58D831575} = {F4432770-D04F-4DD2-AEB1-5C7308C19D04}
		{0241A64E-E6D8-4AC2-B0E4-5ED11FEB6341} = {2E5AD94F-C7E0-4DBB-89B5-204FF3A7D04F}
		{EDF7B2A5-2C4B-4C7B-A2E9-86D294797D2A} = {93388C7A-C54C-4804-8B12-ADF2715DAD11}
		{F01E2EF6-F83B-4DE8-AF94-88EAC59B1CC5} = {F4432770-D04F-4DD2-AEB1-5C7308C19D04}
		{E68CF857-1213-4915-BAC1-DE935E95019C} = {93388C7A-C54C-4804-8B12-ADF2715DAD11}
		{0ECD1FE5-1DAC-4193-B5B7-83CD565070FD} = {F4432770-D04F-4DD2-AEB1-5C7308C19D04}
	EndGlobalSection
EndGlobal
